// !$*UTF8*$!
{
	archiveVersion = 1;
	classes = {
	};
	objectVersion = 51;
	objects = {

/* Begin PBXBuildFile section */
		41AABADEFDDDF629E9ACD50D /* Pods_JobFair_JobFairUITests.framework in Frameworks */ = {isa = PBXBuildFile; fileRef = 6F8A89BB3FB8FB73AA93A207 /* Pods_JobFair_JobFairUITests.framework */; };
		A513BC45256B66C3009FFAF7 /* GoogleService-Info.plist in Resources */ = {isa = PBXBuildFile; fileRef = A513BC44256B66C3009FFAF7 /* GoogleService-Info.plist */; };
		A541DD58256CBAFC00A85AAC /* UIColor+.swift in Sources */ = {isa = PBXBuildFile; fileRef = A541DD57256CBAFC00A85AAC /* UIColor+.swift */; };
		A541DD79256D0B9600A85AAC /* UIView+.swift in Sources */ = {isa = PBXBuildFile; fileRef = A541DD78256D0B9600A85AAC /* UIView+.swift */; };
		A580D7BB25677235001D1B01 /* Storyboard.swift in Sources */ = {isa = PBXBuildFile; fileRef = A580D7BA25677235001D1B01 /* Storyboard.swift */; };
		A580D7C12567727B001D1B01 /* UIViewController+.swift in Sources */ = {isa = PBXBuildFile; fileRef = A580D7C02567727B001D1B01 /* UIViewController+.swift */; };
		A580D7CB256772F2001D1B01 /* Login.storyboard in Resources */ = {isa = PBXBuildFile; fileRef = A580D7CA256772F2001D1B01 /* Login.storyboard */; };
		A580D7D025677304001D1B01 /* LoginViewController.swift in Sources */ = {isa = PBXBuildFile; fileRef = A580D7CF25677304001D1B01 /* LoginViewController.swift */; };
		A580D828256798A5001D1B01 /* Service.swift in Sources */ = {isa = PBXBuildFile; fileRef = A580D827256798A5001D1B01 /* Service.swift */; };
		A580D84725679B6E001D1B01 /* Router.swift in Sources */ = {isa = PBXBuildFile; fileRef = A580D84625679B6E001D1B01 /* Router.swift */; };
		A580D84C25679EDA001D1B01 /* SessionManager.swift in Sources */ = {isa = PBXBuildFile; fileRef = A580D84B25679EDA001D1B01 /* SessionManager.swift */; };
		A580D8522567A330001D1B01 /* AppSetting.swift in Sources */ = {isa = PBXBuildFile; fileRef = A580D8512567A330001D1B01 /* AppSetting.swift */; };
		A580D85A2567A378001D1B01 /* User.swift in Sources */ = {isa = PBXBuildFile; fileRef = A580D8592567A378001D1B01 /* User.swift */; };
		A580D8912567A5E5001D1B01 /* SearchJob.storyboard in Resources */ = {isa = PBXBuildFile; fileRef = A580D8902567A5E5001D1B01 /* SearchJob.storyboard */; };
		A580D8962567A5FA001D1B01 /* SearchJobViewController.swift in Sources */ = {isa = PBXBuildFile; fileRef = A580D8952567A5FA001D1B01 /* SearchJobViewController.swift */; };
		A580D89C2567A63D001D1B01 /* BaseViewController.swift in Sources */ = {isa = PBXBuildFile; fileRef = A580D89B2567A63D001D1B01 /* BaseViewController.swift */; };
		A580D8AA2567A94F001D1B01 /* SearchJobViewModel.swift in Sources */ = {isa = PBXBuildFile; fileRef = A580D8A92567A94F001D1B01 /* SearchJobViewModel.swift */; };
		A580D8AF2567A976001D1B01 /* ViewModelType.swift in Sources */ = {isa = PBXBuildFile; fileRef = A580D8AE2567A976001D1B01 /* ViewModelType.swift */; };
		A580D8B42567AAA1001D1B01 /* Observable+Ext.swift in Sources */ = {isa = PBXBuildFile; fileRef = A580D8B32567AAA1001D1B01 /* Observable+Ext.swift */; };
		A580D8BA2567ABA2001D1B01 /* Account.storyboard in Resources */ = {isa = PBXBuildFile; fileRef = A580D8B92567ABA2001D1B01 /* Account.storyboard */; };
		A580D8BF2567ABB4001D1B01 /* AccountViewController.swift in Sources */ = {isa = PBXBuildFile; fileRef = A580D8BE2567ABB4001D1B01 /* AccountViewController.swift */; };
		AEE8D886298801BC7F5CD82F /* Pods_JobFairTests.framework in Frameworks */ = {isa = PBXBuildFile; fileRef = 1B2D413D74A14AE50CE16E2F /* Pods_JobFairTests.framework */; };
		D754CCD025668D8D006460B4 /* AppDelegate.swift in Sources */ = {isa = PBXBuildFile; fileRef = D754CCCF25668D8D006460B4 /* AppDelegate.swift */; };
		D754CCD725668D8D006460B4 /* Main.storyboard in Resources */ = {isa = PBXBuildFile; fileRef = D754CCD525668D8D006460B4 /* Main.storyboard */; };
		D754CCDA25668D8D006460B4 /* JobFair.xcdatamodeld in Sources */ = {isa = PBXBuildFile; fileRef = D754CCD825668D8D006460B4 /* JobFair.xcdatamodeld */; };
		D754CCDC25668D8E006460B4 /* Assets.xcassets in Resources */ = {isa = PBXBuildFile; fileRef = D754CCDB25668D8E006460B4 /* Assets.xcassets */; };
		D754CCDF25668D8E006460B4 /* LaunchScreen.storyboard in Resources */ = {isa = PBXBuildFile; fileRef = D754CCDD25668D8E006460B4 /* LaunchScreen.storyboard */; };
		D754CCEA25668D8F006460B4 /* JobFairTests.swift in Sources */ = {isa = PBXBuildFile; fileRef = D754CCE925668D8F006460B4 /* JobFairTests.swift */; };
		D754CCF525668D8F006460B4 /* JobFairUITests.swift in Sources */ = {isa = PBXBuildFile; fileRef = D754CCF425668D8F006460B4 /* JobFairUITests.swift */; };
		D7D3411C256EB5FC0026DAF4 /* Job.swift in Sources */ = {isa = PBXBuildFile; fileRef = D7D3411B256EB5FC0026DAF4 /* Job.swift */; };
		F59E7DE7E2CCDF72DF144EDD /* Pods_JobFair.framework in Frameworks */ = {isa = PBXBuildFile; fileRef = FA5003F87769AAB4B24FFD60 /* Pods_JobFair.framework */; };
/* End PBXBuildFile section */

/* Begin PBXContainerItemProxy section */
		D754CCE625668D8E006460B4 /* PBXContainerItemProxy */ = {
			isa = PBXContainerItemProxy;
			containerPortal = D754CCC425668D8D006460B4 /* Project object */;
			proxyType = 1;
			remoteGlobalIDString = D754CCCB25668D8D006460B4;
			remoteInfo = JobFair;
		};
		D754CCF125668D8F006460B4 /* PBXContainerItemProxy */ = {
			isa = PBXContainerItemProxy;
			containerPortal = D754CCC425668D8D006460B4 /* Project object */;
			proxyType = 1;
			remoteGlobalIDString = D754CCCB25668D8D006460B4;
			remoteInfo = JobFair;
		};
/* End PBXContainerItemProxy section */

/* Begin PBXFileReference section */
		073CD1B497099103C3A16C9F /* Pods-JobFairTests.release.xcconfig */ = {isa = PBXFileReference; includeInIndex = 1; lastKnownFileType = text.xcconfig; name = "Pods-JobFairTests.release.xcconfig"; path = "Target Support Files/Pods-JobFairTests/Pods-JobFairTests.release.xcconfig"; sourceTree = "<group>"; };
		08A168870653F4A03AEF8540 /* Pods-JobFairTests.debug.xcconfig */ = {isa = PBXFileReference; includeInIndex = 1; lastKnownFileType = text.xcconfig; name = "Pods-JobFairTests.debug.xcconfig"; path = "Target Support Files/Pods-JobFairTests/Pods-JobFairTests.debug.xcconfig"; sourceTree = "<group>"; };
		1B2D413D74A14AE50CE16E2F /* Pods_JobFairTests.framework */ = {isa = PBXFileReference; explicitFileType = wrapper.framework; includeInIndex = 0; path = Pods_JobFairTests.framework; sourceTree = BUILT_PRODUCTS_DIR; };
		56E7A8711E4BE55D6336D47E /* Pods-JobFair-JobFairUITests.debug.xcconfig */ = {isa = PBXFileReference; includeInIndex = 1; lastKnownFileType = text.xcconfig; name = "Pods-JobFair-JobFairUITests.debug.xcconfig"; path = "Target Support Files/Pods-JobFair-JobFairUITests/Pods-JobFair-JobFairUITests.debug.xcconfig"; sourceTree = "<group>"; };
		5A36405FAB7C8E2D8D2C5858 /* Pods-JobFair-JobFairUITests.release.xcconfig */ = {isa = PBXFileReference; includeInIndex = 1; lastKnownFileType = text.xcconfig; name = "Pods-JobFair-JobFairUITests.release.xcconfig"; path = "Target Support Files/Pods-JobFair-JobFairUITests/Pods-JobFair-JobFairUITests.release.xcconfig"; sourceTree = "<group>"; };
		6F8A89BB3FB8FB73AA93A207 /* Pods_JobFair_JobFairUITests.framework */ = {isa = PBXFileReference; explicitFileType = wrapper.framework; includeInIndex = 0; path = Pods_JobFair_JobFairUITests.framework; sourceTree = BUILT_PRODUCTS_DIR; };
		88ACDC19A42442A416F9F058 /* Pods-JobFair.debug.xcconfig */ = {isa = PBXFileReference; includeInIndex = 1; lastKnownFileType = text.xcconfig; name = "Pods-JobFair.debug.xcconfig"; path = "Target Support Files/Pods-JobFair/Pods-JobFair.debug.xcconfig"; sourceTree = "<group>"; };
		A513BC44256B66C3009FFAF7 /* GoogleService-Info.plist */ = {isa = PBXFileReference; fileEncoding = 4; lastKnownFileType = text.plist.xml; path = "GoogleService-Info.plist"; sourceTree = "<group>"; };
		A541DD57256CBAFC00A85AAC /* UIColor+.swift */ = {isa = PBXFileReference; lastKnownFileType = sourcecode.swift; path = "UIColor+.swift"; sourceTree = "<group>"; };
		A541DD78256D0B9600A85AAC /* UIView+.swift */ = {isa = PBXFileReference; lastKnownFileType = sourcecode.swift; path = "UIView+.swift"; sourceTree = "<group>"; };
		A580D7BA25677235001D1B01 /* Storyboard.swift */ = {isa = PBXFileReference; lastKnownFileType = sourcecode.swift; path = Storyboard.swift; sourceTree = "<group>"; };
		A580D7C02567727B001D1B01 /* UIViewController+.swift */ = {isa = PBXFileReference; lastKnownFileType = sourcecode.swift; path = "UIViewController+.swift"; sourceTree = "<group>"; };
		A580D7CA256772F2001D1B01 /* Login.storyboard */ = {isa = PBXFileReference; lastKnownFileType = file.storyboard; path = Login.storyboard; sourceTree = "<group>"; };
		A580D7CF25677304001D1B01 /* LoginViewController.swift */ = {isa = PBXFileReference; lastKnownFileType = sourcecode.swift; path = LoginViewController.swift; sourceTree = "<group>"; };
		A580D827256798A5001D1B01 /* Service.swift */ = {isa = PBXFileReference; lastKnownFileType = sourcecode.swift; path = Service.swift; sourceTree = "<group>"; };
		A580D84625679B6E001D1B01 /* Router.swift */ = {isa = PBXFileReference; lastKnownFileType = sourcecode.swift; path = Router.swift; sourceTree = "<group>"; };
		A580D84B25679EDA001D1B01 /* SessionManager.swift */ = {isa = PBXFileReference; lastKnownFileType = sourcecode.swift; path = SessionManager.swift; sourceTree = "<group>"; };
		A580D8512567A330001D1B01 /* AppSetting.swift */ = {isa = PBXFileReference; lastKnownFileType = sourcecode.swift; path = AppSetting.swift; sourceTree = "<group>"; };
		A580D8592567A378001D1B01 /* User.swift */ = {isa = PBXFileReference; lastKnownFileType = sourcecode.swift; path = User.swift; sourceTree = "<group>"; };
		A580D8902567A5E5001D1B01 /* SearchJob.storyboard */ = {isa = PBXFileReference; lastKnownFileType = file.storyboard; path = SearchJob.storyboard; sourceTree = "<group>"; };
		A580D8952567A5FA001D1B01 /* SearchJobViewController.swift */ = {isa = PBXFileReference; lastKnownFileType = sourcecode.swift; path = SearchJobViewController.swift; sourceTree = "<group>"; };
		A580D89B2567A63D001D1B01 /* BaseViewController.swift */ = {isa = PBXFileReference; lastKnownFileType = sourcecode.swift; path = BaseViewController.swift; sourceTree = "<group>"; };
		A580D8A92567A94F001D1B01 /* SearchJobViewModel.swift */ = {isa = PBXFileReference; lastKnownFileType = sourcecode.swift; path = SearchJobViewModel.swift; sourceTree = "<group>"; };
		A580D8AE2567A976001D1B01 /* ViewModelType.swift */ = {isa = PBXFileReference; lastKnownFileType = sourcecode.swift; path = ViewModelType.swift; sourceTree = "<group>"; };
		A580D8B32567AAA1001D1B01 /* Observable+Ext.swift */ = {isa = PBXFileReference; lastKnownFileType = sourcecode.swift; path = "Observable+Ext.swift"; sourceTree = "<group>"; };
		A580D8B92567ABA2001D1B01 /* Account.storyboard */ = {isa = PBXFileReference; lastKnownFileType = file.storyboard; path = Account.storyboard; sourceTree = "<group>"; };
		A580D8BE2567ABB4001D1B01 /* AccountViewController.swift */ = {isa = PBXFileReference; lastKnownFileType = sourcecode.swift; path = AccountViewController.swift; sourceTree = "<group>"; };
		D754CCCC25668D8D006460B4 /* JobFair.app */ = {isa = PBXFileReference; explicitFileType = wrapper.application; includeInIndex = 0; path = JobFair.app; sourceTree = BUILT_PRODUCTS_DIR; };
		D754CCCF25668D8D006460B4 /* AppDelegate.swift */ = {isa = PBXFileReference; lastKnownFileType = sourcecode.swift; path = AppDelegate.swift; sourceTree = "<group>"; };
		D754CCD625668D8D006460B4 /* Base */ = {isa = PBXFileReference; lastKnownFileType = file.storyboard; name = Base; path = Base.lproj/Main.storyboard; sourceTree = "<group>"; };
		D754CCD925668D8D006460B4 /* JobFair.xcdatamodel */ = {isa = PBXFileReference; lastKnownFileType = wrapper.xcdatamodel; path = JobFair.xcdatamodel; sourceTree = "<group>"; };
		D754CCDB25668D8E006460B4 /* Assets.xcassets */ = {isa = PBXFileReference; lastKnownFileType = folder.assetcatalog; path = Assets.xcassets; sourceTree = "<group>"; };
		D754CCDE25668D8E006460B4 /* Base */ = {isa = PBXFileReference; lastKnownFileType = file.storyboard; name = Base; path = Base.lproj/LaunchScreen.storyboard; sourceTree = "<group>"; };
		D754CCE025668D8E006460B4 /* Info.plist */ = {isa = PBXFileReference; lastKnownFileType = text.plist.xml; path = Info.plist; sourceTree = "<group>"; };
		D754CCE525668D8E006460B4 /* JobFairTests.xctest */ = {isa = PBXFileReference; explicitFileType = wrapper.cfbundle; includeInIndex = 0; path = JobFairTests.xctest; sourceTree = BUILT_PRODUCTS_DIR; };
		D754CCE925668D8F006460B4 /* JobFairTests.swift */ = {isa = PBXFileReference; lastKnownFileType = sourcecode.swift; path = JobFairTests.swift; sourceTree = "<group>"; };
		D754CCEB25668D8F006460B4 /* Info.plist */ = {isa = PBXFileReference; lastKnownFileType = text.plist.xml; path = Info.plist; sourceTree = "<group>"; };
		D754CCF025668D8F006460B4 /* JobFairUITests.xctest */ = {isa = PBXFileReference; explicitFileType = wrapper.cfbundle; includeInIndex = 0; path = JobFairUITests.xctest; sourceTree = BUILT_PRODUCTS_DIR; };
		D754CCF425668D8F006460B4 /* JobFairUITests.swift */ = {isa = PBXFileReference; lastKnownFileType = sourcecode.swift; path = JobFairUITests.swift; sourceTree = "<group>"; };
		D754CCF625668D8F006460B4 /* Info.plist */ = {isa = PBXFileReference; lastKnownFileType = text.plist.xml; path = Info.plist; sourceTree = "<group>"; };
		D7D3411B256EB5FC0026DAF4 /* Job.swift */ = {isa = PBXFileReference; lastKnownFileType = sourcecode.swift; path = Job.swift; sourceTree = "<group>"; };
		F824214DC9AF876CADB5C842 /* Pods-JobFair.release.xcconfig */ = {isa = PBXFileReference; includeInIndex = 1; lastKnownFileType = text.xcconfig; name = "Pods-JobFair.release.xcconfig"; path = "Target Support Files/Pods-JobFair/Pods-JobFair.release.xcconfig"; sourceTree = "<group>"; };
		FA5003F87769AAB4B24FFD60 /* Pods_JobFair.framework */ = {isa = PBXFileReference; explicitFileType = wrapper.framework; includeInIndex = 0; path = Pods_JobFair.framework; sourceTree = BUILT_PRODUCTS_DIR; };
/* End PBXFileReference section */

/* Begin PBXFrameworksBuildPhase section */
		D754CCC925668D8D006460B4 /* Frameworks */ = {
			isa = PBXFrameworksBuildPhase;
			buildActionMask = 2147483647;
			files = (
				F59E7DE7E2CCDF72DF144EDD /* Pods_JobFair.framework in Frameworks */,
			);
			runOnlyForDeploymentPostprocessing = 0;
		};
		D754CCE225668D8E006460B4 /* Frameworks */ = {
			isa = PBXFrameworksBuildPhase;
			buildActionMask = 2147483647;
			files = (
				AEE8D886298801BC7F5CD82F /* Pods_JobFairTests.framework in Frameworks */,
			);
			runOnlyForDeploymentPostprocessing = 0;
		};
		D754CCED25668D8F006460B4 /* Frameworks */ = {
			isa = PBXFrameworksBuildPhase;
			buildActionMask = 2147483647;
			files = (
				41AABADEFDDDF629E9ACD50D /* Pods_JobFair_JobFairUITests.framework in Frameworks */,
			);
			runOnlyForDeploymentPostprocessing = 0;
		};
/* End PBXFrameworksBuildPhase section */

/* Begin PBXGroup section */
		A580D7B925677222001D1B01 /* Utils */ = {
			isa = PBXGroup;
			children = (
				A580D7BA25677235001D1B01 /* Storyboard.swift */,
				A580D8AE2567A976001D1B01 /* ViewModelType.swift */,
			);
			path = Utils;
			sourceTree = "<group>";
		};
		A580D7BF2567726B001D1B01 /* Extension */ = {
			isa = PBXGroup;
			children = (
				A580D7C02567727B001D1B01 /* UIViewController+.swift */,
				A580D8B32567AAA1001D1B01 /* Observable+Ext.swift */,
				A541DD57256CBAFC00A85AAC /* UIColor+.swift */,
				A541DD78256D0B9600A85AAC /* UIView+.swift */,
			);
			path = Extension;
			sourceTree = "<group>";
		};
		A580D7C5256772B6001D1B01 /* App */ = {
			isa = PBXGroup;
			children = (
				A513BC44256B66C3009FFAF7 /* GoogleService-Info.plist */,
				D754CCE025668D8E006460B4 /* Info.plist */,
				D754CCD825668D8D006460B4 /* JobFair.xcdatamodeld */,
				D754CCCF25668D8D006460B4 /* AppDelegate.swift */,
			);
			path = App;
			sourceTree = "<group>";
		};
		A580D7C9256772E8001D1B01 /* Login */ = {
			isa = PBXGroup;
			children = (
				D754CCD525668D8D006460B4 /* Main.storyboard */,
				D754CCDD25668D8E006460B4 /* LaunchScreen.storyboard */,
				A580D7CA256772F2001D1B01 /* Login.storyboard */,
				A580D7CF25677304001D1B01 /* LoginViewController.swift */,
			);
			path = Login;
			sourceTree = "<group>";
		};
		A580D7D42567733E001D1B01 /* Screen */ = {
			isa = PBXGroup;
			children = (
				A580D8B82567AB95001D1B01 /* Account */,
				A580D89A2567A630001D1B01 /* Base */,
				A580D88F2567A5DC001D1B01 /* SearchJob */,
				A580D7C9256772E8001D1B01 /* Login */,
			);
			path = Screen;
			sourceTree = "<group>";
		};
		A580D7D625677394001D1B01 /* Resource */ = {
			isa = PBXGroup;
			children = (
				D754CCDB25668D8E006460B4 /* Assets.xcassets */,
			);
			path = Resource;
			sourceTree = "<group>";
		};
		A580D7D7256773EA001D1B01 /* Model */ = {
			isa = PBXGroup;
			children = (
				A580D8592567A378001D1B01 /* User.swift */,
				D7D3411B256EB5FC0026DAF4 /* Job.swift */,
			);
			path = Model;
			sourceTree = "<group>";
		};
		A580D7D8256773F7001D1B01 /* API */ = {
			isa = PBXGroup;
			children = (
				A580D827256798A5001D1B01 /* Service.swift */,
				A580D84625679B6E001D1B01 /* Router.swift */,
				A580D84B25679EDA001D1B01 /* SessionManager.swift */,
			);
			path = API;
			sourceTree = "<group>";
		};
		A580D82225677C33001D1B01 /* Data */ = {
			isa = PBXGroup;
			children = (
				A580D8502567A2BF001D1B01 /* Local */,
				A580D7D8256773F7001D1B01 /* API */,
			);
			path = Data;
			sourceTree = "<group>";
		};
		A580D8502567A2BF001D1B01 /* Local */ = {
			isa = PBXGroup;
			children = (
				A580D8512567A330001D1B01 /* AppSetting.swift */,
			);
			path = Local;
			sourceTree = "<group>";
		};
		A580D88F2567A5DC001D1B01 /* SearchJob */ = {
			isa = PBXGroup;
			children = (
				A580D8902567A5E5001D1B01 /* SearchJob.storyboard */,
				A580D8952567A5FA001D1B01 /* SearchJobViewController.swift */,
				A580D8A92567A94F001D1B01 /* SearchJobViewModel.swift */,
			);
			path = SearchJob;
			sourceTree = "<group>";
		};
		A580D89A2567A630001D1B01 /* Base */ = {
			isa = PBXGroup;
			children = (
				A580D89B2567A63D001D1B01 /* BaseViewController.swift */,
			);
			path = Base;
			sourceTree = "<group>";
		};
		A580D8B82567AB95001D1B01 /* Account */ = {
			isa = PBXGroup;
			children = (
				A580D8B92567ABA2001D1B01 /* Account.storyboard */,
				A580D8BE2567ABB4001D1B01 /* AccountViewController.swift */,
			);
			path = Account;
			sourceTree = "<group>";
		};
		A7C2FD813A9BC63E29E64D6D /* Frameworks */ = {
			isa = PBXGroup;
			children = (
				FA5003F87769AAB4B24FFD60 /* Pods_JobFair.framework */,
				6F8A89BB3FB8FB73AA93A207 /* Pods_JobFair_JobFairUITests.framework */,
				1B2D413D74A14AE50CE16E2F /* Pods_JobFairTests.framework */,
			);
			name = Frameworks;
			sourceTree = "<group>";
		};
		B9A03BDBE7D95F2C18D7C824 /* Pods */ = {
			isa = PBXGroup;
			children = (
				88ACDC19A42442A416F9F058 /* Pods-JobFair.debug.xcconfig */,
				F824214DC9AF876CADB5C842 /* Pods-JobFair.release.xcconfig */,
				56E7A8711E4BE55D6336D47E /* Pods-JobFair-JobFairUITests.debug.xcconfig */,
				5A36405FAB7C8E2D8D2C5858 /* Pods-JobFair-JobFairUITests.release.xcconfig */,
				08A168870653F4A03AEF8540 /* Pods-JobFairTests.debug.xcconfig */,
				073CD1B497099103C3A16C9F /* Pods-JobFairTests.release.xcconfig */,
			);
			path = Pods;
			sourceTree = "<group>";
		};
		D754CCC325668D8D006460B4 = {
			isa = PBXGroup;
			children = (
				D754CCCE25668D8D006460B4 /* JobFair */,
				D754CCE825668D8F006460B4 /* JobFairTests */,
				D754CCF325668D8F006460B4 /* JobFairUITests */,
				D754CCCD25668D8D006460B4 /* Products */,
				B9A03BDBE7D95F2C18D7C824 /* Pods */,
				A7C2FD813A9BC63E29E64D6D /* Frameworks */,
			);
			sourceTree = "<group>";
		};
		D754CCCD25668D8D006460B4 /* Products */ = {
			isa = PBXGroup;
			children = (
				D754CCCC25668D8D006460B4 /* JobFair.app */,
				D754CCE525668D8E006460B4 /* JobFairTests.xctest */,
				D754CCF025668D8F006460B4 /* JobFairUITests.xctest */,
			);
			name = Products;
			sourceTree = "<group>";
		};
		D754CCCE25668D8D006460B4 /* JobFair */ = {
			isa = PBXGroup;
			children = (
				A580D82225677C33001D1B01 /* Data */,
				A580D7D7256773EA001D1B01 /* Model */,
				A580D7D625677394001D1B01 /* Resource */,
				A580D7D42567733E001D1B01 /* Screen */,
				A580D7C5256772B6001D1B01 /* App */,
				A580D7BF2567726B001D1B01 /* Extension */,
				A580D7B925677222001D1B01 /* Utils */,
			);
			path = JobFair;
			sourceTree = "<group>";
		};
		D754CCE825668D8F006460B4 /* JobFairTests */ = {
			isa = PBXGroup;
			children = (
				D754CCE925668D8F006460B4 /* JobFairTests.swift */,
				D754CCEB25668D8F006460B4 /* Info.plist */,
			);
			path = JobFairTests;
			sourceTree = "<group>";
		};
		D754CCF325668D8F006460B4 /* JobFairUITests */ = {
			isa = PBXGroup;
			children = (
				D754CCF425668D8F006460B4 /* JobFairUITests.swift */,
				D754CCF625668D8F006460B4 /* Info.plist */,
			);
			path = JobFairUITests;
			sourceTree = "<group>";
		};
/* End PBXGroup section */

/* Begin PBXNativeTarget section */
		D754CCCB25668D8D006460B4 /* JobFair */ = {
			isa = PBXNativeTarget;
			buildConfigurationList = D754CCF925668D8F006460B4 /* Build configuration list for PBXNativeTarget "JobFair" */;
			buildPhases = (
				4481C8F1D042AB9ACF745BAF /* [CP] Check Pods Manifest.lock */,
				D754CCC825668D8D006460B4 /* Sources */,
				D754CCC925668D8D006460B4 /* Frameworks */,
				D754CCCA25668D8D006460B4 /* Resources */,
				4E515849566640910842B6B7 /* [CP] Embed Pods Frameworks */,
				CC6741CB23E46CE86F884D90 /* [CP] Copy Pods Resources */,
			);
			buildRules = (
			);
			dependencies = (
			);
			name = JobFair;
			productName = JobFair;
			productReference = D754CCCC25668D8D006460B4 /* JobFair.app */;
			productType = "com.apple.product-type.application";
		};
		D754CCE425668D8E006460B4 /* JobFairTests */ = {
			isa = PBXNativeTarget;
			buildConfigurationList = D754CCFC25668D8F006460B4 /* Build configuration list for PBXNativeTarget "JobFairTests" */;
			buildPhases = (
				67690FC21D28B43FDA7B59C2 /* [CP] Check Pods Manifest.lock */,
				D754CCE125668D8E006460B4 /* Sources */,
				D754CCE225668D8E006460B4 /* Frameworks */,
				D754CCE325668D8E006460B4 /* Resources */,
			);
			buildRules = (
			);
			dependencies = (
				D754CCE725668D8E006460B4 /* PBXTargetDependency */,
			);
			name = JobFairTests;
			productName = JobFairTests;
			productReference = D754CCE525668D8E006460B4 /* JobFairTests.xctest */;
			productType = "com.apple.product-type.bundle.unit-test";
		};
		D754CCEF25668D8F006460B4 /* JobFairUITests */ = {
			isa = PBXNativeTarget;
			buildConfigurationList = D754CCFF25668D8F006460B4 /* Build configuration list for PBXNativeTarget "JobFairUITests" */;
			buildPhases = (
				9C00351167C1E49E25BB9E70 /* [CP] Check Pods Manifest.lock */,
				D754CCEC25668D8F006460B4 /* Sources */,
				D754CCED25668D8F006460B4 /* Frameworks */,
				D754CCEE25668D8F006460B4 /* Resources */,
				2BD25506C3C8BECE277D47BE /* [CP] Embed Pods Frameworks */,
				5978ED69DF758FD769A00294 /* [CP] Copy Pods Resources */,
			);
			buildRules = (
			);
			dependencies = (
				D754CCF225668D8F006460B4 /* PBXTargetDependency */,
			);
			name = JobFairUITests;
			productName = JobFairUITests;
			productReference = D754CCF025668D8F006460B4 /* JobFairUITests.xctest */;
			productType = "com.apple.product-type.bundle.ui-testing";
		};
/* End PBXNativeTarget section */

/* Begin PBXProject section */
		D754CCC425668D8D006460B4 /* Project object */ = {
			isa = PBXProject;
			attributes = {
				LastSwiftUpdateCheck = 1230;
				LastUpgradeCheck = 1230;
				TargetAttributes = {
					D754CCCB25668D8D006460B4 = {
						CreatedOnToolsVersion = 12.3;
					};
					D754CCE425668D8E006460B4 = {
						CreatedOnToolsVersion = 12.3;
						TestTargetID = D754CCCB25668D8D006460B4;
					};
					D754CCEF25668D8F006460B4 = {
						CreatedOnToolsVersion = 12.3;
						TestTargetID = D754CCCB25668D8D006460B4;
					};
				};
			};
			buildConfigurationList = D754CCC725668D8D006460B4 /* Build configuration list for PBXProject "JobFair" */;
			compatibilityVersion = "Xcode 9.3";
			developmentRegion = en;
			hasScannedForEncodings = 0;
			knownRegions = (
				en,
				Base,
			);
			mainGroup = D754CCC325668D8D006460B4;
			productRefGroup = D754CCCD25668D8D006460B4 /* Products */;
			projectDirPath = "";
			projectRoot = "";
			targets = (
				D754CCCB25668D8D006460B4 /* JobFair */,
				D754CCE425668D8E006460B4 /* JobFairTests */,
				D754CCEF25668D8F006460B4 /* JobFairUITests */,
			);
		};
/* End PBXProject section */

/* Begin PBXResourcesBuildPhase section */
		D754CCCA25668D8D006460B4 /* Resources */ = {
			isa = PBXResourcesBuildPhase;
			buildActionMask = 2147483647;
			files = (
				A580D7CB256772F2001D1B01 /* Login.storyboard in Resources */,
				D754CCDF25668D8E006460B4 /* LaunchScreen.storyboard in Resources */,
				D754CCDC25668D8E006460B4 /* Assets.xcassets in Resources */,
				A580D8912567A5E5001D1B01 /* SearchJob.storyboard in Resources */,
				A580D8BA2567ABA2001D1B01 /* Account.storyboard in Resources */,
				D754CCD725668D8D006460B4 /* Main.storyboard in Resources */,
				A513BC45256B66C3009FFAF7 /* GoogleService-Info.plist in Resources */,
			);
			runOnlyForDeploymentPostprocessing = 0;
		};
		D754CCE325668D8E006460B4 /* Resources */ = {
			isa = PBXResourcesBuildPhase;
			buildActionMask = 2147483647;
			files = (
			);
			runOnlyForDeploymentPostprocessing = 0;
		};
		D754CCEE25668D8F006460B4 /* Resources */ = {
			isa = PBXResourcesBuildPhase;
			buildActionMask = 2147483647;
			files = (
			);
			runOnlyForDeploymentPostprocessing = 0;
		};
/* End PBXResourcesBuildPhase section */

/* Begin PBXShellScriptBuildPhase section */
		2BD25506C3C8BECE277D47BE /* [CP] Embed Pods Frameworks */ = {
			isa = PBXShellScriptBuildPhase;
			buildActionMask = 2147483647;
			files = (
			);
			inputFileListPaths = (
				"${PODS_ROOT}/Target Support Files/Pods-JobFair-JobFairUITests/Pods-JobFair-JobFairUITests-frameworks-${CONFIGURATION}-input-files.xcfilelist",
			);
			name = "[CP] Embed Pods Frameworks";
			outputFileListPaths = (
				"${PODS_ROOT}/Target Support Files/Pods-JobFair-JobFairUITests/Pods-JobFair-JobFairUITests-frameworks-${CONFIGURATION}-output-files.xcfilelist",
			);
			runOnlyForDeploymentPostprocessing = 0;
			shellPath = /bin/sh;
			shellScript = "\"${PODS_ROOT}/Target Support Files/Pods-JobFair-JobFairUITests/Pods-JobFair-JobFairUITests-frameworks.sh\"\n";
			showEnvVarsInLog = 0;
		};
		4481C8F1D042AB9ACF745BAF /* [CP] Check Pods Manifest.lock */ = {
			isa = PBXShellScriptBuildPhase;
			buildActionMask = 2147483647;
			files = (
			);
			inputFileListPaths = (
			);
			inputPaths = (
				"${PODS_PODFILE_DIR_PATH}/Podfile.lock",
				"${PODS_ROOT}/Manifest.lock",
			);
			name = "[CP] Check Pods Manifest.lock";
			outputFileListPaths = (
			);
			outputPaths = (
				"$(DERIVED_FILE_DIR)/Pods-JobFair-checkManifestLockResult.txt",
			);
			runOnlyForDeploymentPostprocessing = 0;
			shellPath = /bin/sh;
			shellScript = "diff \"${PODS_PODFILE_DIR_PATH}/Podfile.lock\" \"${PODS_ROOT}/Manifest.lock\" > /dev/null\nif [ $? != 0 ] ; then\n    # print error to STDERR\n    echo \"error: The sandbox is not in sync with the Podfile.lock. Run 'pod install' or update your CocoaPods installation.\" >&2\n    exit 1\nfi\n# This output is used by Xcode 'outputs' to avoid re-running this script phase.\necho \"SUCCESS\" > \"${SCRIPT_OUTPUT_FILE_0}\"\n";
			showEnvVarsInLog = 0;
		};
		4E515849566640910842B6B7 /* [CP] Embed Pods Frameworks */ = {
			isa = PBXShellScriptBuildPhase;
			buildActionMask = 2147483647;
			files = (
			);
			inputFileListPaths = (
				"${PODS_ROOT}/Target Support Files/Pods-JobFair/Pods-JobFair-frameworks-${CONFIGURATION}-input-files.xcfilelist",
			);
			name = "[CP] Embed Pods Frameworks";
			outputFileListPaths = (
				"${PODS_ROOT}/Target Support Files/Pods-JobFair/Pods-JobFair-frameworks-${CONFIGURATION}-output-files.xcfilelist",
			);
			runOnlyForDeploymentPostprocessing = 0;
			shellPath = /bin/sh;
			shellScript = "\"${PODS_ROOT}/Target Support Files/Pods-JobFair/Pods-JobFair-frameworks.sh\"\n";
			showEnvVarsInLog = 0;
		};
		5978ED69DF758FD769A00294 /* [CP] Copy Pods Resources */ = {
			isa = PBXShellScriptBuildPhase;
			buildActionMask = 2147483647;
			files = (
			);
			inputFileListPaths = (
				"${PODS_ROOT}/Target Support Files/Pods-JobFair-JobFairUITests/Pods-JobFair-JobFairUITests-resources-${CONFIGURATION}-input-files.xcfilelist",
			);
			name = "[CP] Copy Pods Resources";
			outputFileListPaths = (
				"${PODS_ROOT}/Target Support Files/Pods-JobFair-JobFairUITests/Pods-JobFair-JobFairUITests-resources-${CONFIGURATION}-output-files.xcfilelist",
			);
			runOnlyForDeploymentPostprocessing = 0;
			shellPath = /bin/sh;
			shellScript = "\"${PODS_ROOT}/Target Support Files/Pods-JobFair-JobFairUITests/Pods-JobFair-JobFairUITests-resources.sh\"\n";
			showEnvVarsInLog = 0;
		};
		67690FC21D28B43FDA7B59C2 /* [CP] Check Pods Manifest.lock */ = {
			isa = PBXShellScriptBuildPhase;
			buildActionMask = 2147483647;
			files = (
			);
			inputFileListPaths = (
			);
			inputPaths = (
				"${PODS_PODFILE_DIR_PATH}/Podfile.lock",
				"${PODS_ROOT}/Manifest.lock",
			);
			name = "[CP] Check Pods Manifest.lock";
			outputFileListPaths = (
			);
			outputPaths = (
				"$(DERIVED_FILE_DIR)/Pods-JobFairTests-checkManifestLockResult.txt",
			);
			runOnlyForDeploymentPostprocessing = 0;
			shellPath = /bin/sh;
			shellScript = "diff \"${PODS_PODFILE_DIR_PATH}/Podfile.lock\" \"${PODS_ROOT}/Manifest.lock\" > /dev/null\nif [ $? != 0 ] ; then\n    # print error to STDERR\n    echo \"error: The sandbox is not in sync with the Podfile.lock. Run 'pod install' or update your CocoaPods installation.\" >&2\n    exit 1\nfi\n# This output is used by Xcode 'outputs' to avoid re-running this script phase.\necho \"SUCCESS\" > \"${SCRIPT_OUTPUT_FILE_0}\"\n";
			showEnvVarsInLog = 0;
		};
		9C00351167C1E49E25BB9E70 /* [CP] Check Pods Manifest.lock */ = {
			isa = PBXShellScriptBuildPhase;
			buildActionMask = 2147483647;
			files = (
			);
			inputFileListPaths = (
			);
			inputPaths = (
				"${PODS_PODFILE_DIR_PATH}/Podfile.lock",
				"${PODS_ROOT}/Manifest.lock",
			);
			name = "[CP] Check Pods Manifest.lock";
			outputFileListPaths = (
			);
			outputPaths = (
				"$(DERIVED_FILE_DIR)/Pods-JobFair-JobFairUITests-checkManifestLockResult.txt",
			);
			runOnlyForDeploymentPostprocessing = 0;
			shellPath = /bin/sh;
			shellScript = "diff \"${PODS_PODFILE_DIR_PATH}/Podfile.lock\" \"${PODS_ROOT}/Manifest.lock\" > /dev/null\nif [ $? != 0 ] ; then\n    # print error to STDERR\n    echo \"error: The sandbox is not in sync with the Podfile.lock. Run 'pod install' or update your CocoaPods installation.\" >&2\n    exit 1\nfi\n# This output is used by Xcode 'outputs' to avoid re-running this script phase.\necho \"SUCCESS\" > \"${SCRIPT_OUTPUT_FILE_0}\"\n";
			showEnvVarsInLog = 0;
		};
		CC6741CB23E46CE86F884D90 /* [CP] Copy Pods Resources */ = {
			isa = PBXShellScriptBuildPhase;
			buildActionMask = 2147483647;
			files = (
			);
			inputFileListPaths = (
				"${PODS_ROOT}/Target Support Files/Pods-JobFair/Pods-JobFair-resources-${CONFIGURATION}-input-files.xcfilelist",
			);
			name = "[CP] Copy Pods Resources";
			outputFileListPaths = (
				"${PODS_ROOT}/Target Support Files/Pods-JobFair/Pods-JobFair-resources-${CONFIGURATION}-output-files.xcfilelist",
			);
			runOnlyForDeploymentPostprocessing = 0;
			shellPath = /bin/sh;
			shellScript = "\"${PODS_ROOT}/Target Support Files/Pods-JobFair/Pods-JobFair-resources.sh\"\n";
			showEnvVarsInLog = 0;
		};
/* End PBXShellScriptBuildPhase section */

/* Begin PBXSourcesBuildPhase section */
		D754CCC825668D8D006460B4 /* Sources */ = {
			isa = PBXSourcesBuildPhase;
			buildActionMask = 2147483647;
			files = (
				A580D7BB25677235001D1B01 /* Storyboard.swift in Sources */,
				A580D7C12567727B001D1B01 /* UIViewController+.swift in Sources */,
				A580D8BF2567ABB4001D1B01 /* AccountViewController.swift in Sources */,
				D754CCDA25668D8D006460B4 /* JobFair.xcdatamodeld in Sources */,
				A580D84725679B6E001D1B01 /* Router.swift in Sources */,
				A580D8B42567AAA1001D1B01 /* Observable+Ext.swift in Sources */,
				A541DD79256D0B9600A85AAC /* UIView+.swift in Sources */,
				A580D7D025677304001D1B01 /* LoginViewController.swift in Sources */,
				A580D89C2567A63D001D1B01 /* BaseViewController.swift in Sources */,
				A541DD58256CBAFC00A85AAC /* UIColor+.swift in Sources */,
				A580D8AF2567A976001D1B01 /* ViewModelType.swift in Sources */,
				A580D8522567A330001D1B01 /* AppSetting.swift in Sources */,
				D754CCD025668D8D006460B4 /* AppDelegate.swift in Sources */,
				A580D8962567A5FA001D1B01 /* SearchJobViewController.swift in Sources */,
				A580D84C25679EDA001D1B01 /* SessionManager.swift in Sources */,
				A580D85A2567A378001D1B01 /* User.swift in Sources */,
				A580D8AA2567A94F001D1B01 /* SearchJobViewModel.swift in Sources */,
				A580D828256798A5001D1B01 /* Service.swift in Sources */,
				D7D3411C256EB5FC0026DAF4 /* Job.swift in Sources */,
			);
			runOnlyForDeploymentPostprocessing = 0;
		};
		D754CCE125668D8E006460B4 /* Sources */ = {
			isa = PBXSourcesBuildPhase;
			buildActionMask = 2147483647;
			files = (
				D754CCEA25668D8F006460B4 /* JobFairTests.swift in Sources */,
			);
			runOnlyForDeploymentPostprocessing = 0;
		};
		D754CCEC25668D8F006460B4 /* Sources */ = {
			isa = PBXSourcesBuildPhase;
			buildActionMask = 2147483647;
			files = (
				D754CCF525668D8F006460B4 /* JobFairUITests.swift in Sources */,
			);
			runOnlyForDeploymentPostprocessing = 0;
		};
/* End PBXSourcesBuildPhase section */

/* Begin PBXTargetDependency section */
		D754CCE725668D8E006460B4 /* PBXTargetDependency */ = {
			isa = PBXTargetDependency;
			target = D754CCCB25668D8D006460B4 /* JobFair */;
			targetProxy = D754CCE625668D8E006460B4 /* PBXContainerItemProxy */;
		};
		D754CCF225668D8F006460B4 /* PBXTargetDependency */ = {
			isa = PBXTargetDependency;
			target = D754CCCB25668D8D006460B4 /* JobFair */;
			targetProxy = D754CCF125668D8F006460B4 /* PBXContainerItemProxy */;
		};
/* End PBXTargetDependency section */

/* Begin PBXVariantGroup section */
		D754CCD525668D8D006460B4 /* Main.storyboard */ = {
			isa = PBXVariantGroup;
			children = (
				D754CCD625668D8D006460B4 /* Base */,
			);
			name = Main.storyboard;
			sourceTree = "<group>";
		};
		D754CCDD25668D8E006460B4 /* LaunchScreen.storyboard */ = {
			isa = PBXVariantGroup;
			children = (
				D754CCDE25668D8E006460B4 /* Base */,
			);
			name = LaunchScreen.storyboard;
			sourceTree = "<group>";
		};
/* End PBXVariantGroup section */

/* Begin XCBuildConfiguration section */
		D754CCF725668D8F006460B4 /* Debug */ = {
			isa = XCBuildConfiguration;
			buildSettings = {
				ALWAYS_SEARCH_USER_PATHS = NO;
				CLANG_ANALYZER_NONNULL = YES;
				CLANG_ANALYZER_NUMBER_OBJECT_CONVERSION = YES_AGGRESSIVE;
				CLANG_CXX_LANGUAGE_STANDARD = "gnu++14";
				CLANG_CXX_LIBRARY = "libc++";
				CLANG_ENABLE_MODULES = YES;
				CLANG_ENABLE_OBJC_ARC = YES;
				CLANG_ENABLE_OBJC_WEAK = YES;
				CLANG_WARN_BLOCK_CAPTURE_AUTORELEASING = YES;
				CLANG_WARN_BOOL_CONVERSION = YES;
				CLANG_WARN_COMMA = YES;
				CLANG_WARN_CONSTANT_CONVERSION = YES;
				CLANG_WARN_DEPRECATED_OBJC_IMPLEMENTATIONS = YES;
				CLANG_WARN_DIRECT_OBJC_ISA_USAGE = YES_ERROR;
				CLANG_WARN_DOCUMENTATION_COMMENTS = YES;
				CLANG_WARN_EMPTY_BODY = YES;
				CLANG_WARN_ENUM_CONVERSION = YES;
				CLANG_WARN_INFINITE_RECURSION = YES;
				CLANG_WARN_INT_CONVERSION = YES;
				CLANG_WARN_NON_LITERAL_NULL_CONVERSION = YES;
				CLANG_WARN_OBJC_IMPLICIT_RETAIN_SELF = YES;
				CLANG_WARN_OBJC_LITERAL_CONVERSION = YES;
				CLANG_WARN_OBJC_ROOT_CLASS = YES_ERROR;
				CLANG_WARN_QUOTED_INCLUDE_IN_FRAMEWORK_HEADER = YES;
				CLANG_WARN_RANGE_LOOP_ANALYSIS = YES;
				CLANG_WARN_STRICT_PROTOTYPES = YES;
				CLANG_WARN_SUSPICIOUS_MOVE = YES;
				CLANG_WARN_UNGUARDED_AVAILABILITY = YES_AGGRESSIVE;
				CLANG_WARN_UNREACHABLE_CODE = YES;
				CLANG_WARN__DUPLICATE_METHOD_MATCH = YES;
				COPY_PHASE_STRIP = NO;
				DEBUG_INFORMATION_FORMAT = dwarf;
				ENABLE_STRICT_OBJC_MSGSEND = YES;
				ENABLE_TESTABILITY = YES;
				GCC_C_LANGUAGE_STANDARD = gnu11;
				GCC_DYNAMIC_NO_PIC = NO;
				GCC_NO_COMMON_BLOCKS = YES;
				GCC_OPTIMIZATION_LEVEL = 0;
				GCC_PREPROCESSOR_DEFINITIONS = (
					"DEBUG=1",
					"$(inherited)",
				);
				GCC_WARN_64_TO_32_BIT_CONVERSION = YES;
				GCC_WARN_ABOUT_RETURN_TYPE = YES_ERROR;
				GCC_WARN_UNDECLARED_SELECTOR = YES;
				GCC_WARN_UNINITIALIZED_AUTOS = YES_AGGRESSIVE;
				GCC_WARN_UNUSED_FUNCTION = YES;
				GCC_WARN_UNUSED_VARIABLE = YES;
				IPHONEOS_DEPLOYMENT_TARGET = 14.3;
				MTL_ENABLE_DEBUG_INFO = INCLUDE_SOURCE;
				MTL_FAST_MATH = YES;
				ONLY_ACTIVE_ARCH = YES;
				SDKROOT = iphoneos;
				SWIFT_ACTIVE_COMPILATION_CONDITIONS = DEBUG;
				SWIFT_OPTIMIZATION_LEVEL = "-Onone";
			};
			name = Debug;
		};
		D754CCF825668D8F006460B4 /* Release */ = {
			isa = XCBuildConfiguration;
			buildSettings = {
				ALWAYS_SEARCH_USER_PATHS = NO;
				CLANG_ANALYZER_NONNULL = YES;
				CLANG_ANALYZER_NUMBER_OBJECT_CONVERSION = YES_AGGRESSIVE;
				CLANG_CXX_LANGUAGE_STANDARD = "gnu++14";
				CLANG_CXX_LIBRARY = "libc++";
				CLANG_ENABLE_MODULES = YES;
				CLANG_ENABLE_OBJC_ARC = YES;
				CLANG_ENABLE_OBJC_WEAK = YES;
				CLANG_WARN_BLOCK_CAPTURE_AUTORELEASING = YES;
				CLANG_WARN_BOOL_CONVERSION = YES;
				CLANG_WARN_COMMA = YES;
				CLANG_WARN_CONSTANT_CONVERSION = YES;
				CLANG_WARN_DEPRECATED_OBJC_IMPLEMENTATIONS = YES;
				CLANG_WARN_DIRECT_OBJC_ISA_USAGE = YES_ERROR;
				CLANG_WARN_DOCUMENTATION_COMMENTS = YES;
				CLANG_WARN_EMPTY_BODY = YES;
				CLANG_WARN_ENUM_CONVERSION = YES;
				CLANG_WARN_INFINITE_RECURSION = YES;
				CLANG_WARN_INT_CONVERSION = YES;
				CLANG_WARN_NON_LITERAL_NULL_CONVERSION = YES;
				CLANG_WARN_OBJC_IMPLICIT_RETAIN_SELF = YES;
				CLANG_WARN_OBJC_LITERAL_CONVERSION = YES;
				CLANG_WARN_OBJC_ROOT_CLASS = YES_ERROR;
				CLANG_WARN_QUOTED_INCLUDE_IN_FRAMEWORK_HEADER = YES;
				CLANG_WARN_RANGE_LOOP_ANALYSIS = YES;
				CLANG_WARN_STRICT_PROTOTYPES = YES;
				CLANG_WARN_SUSPICIOUS_MOVE = YES;
				CLANG_WARN_UNGUARDED_AVAILABILITY = YES_AGGRESSIVE;
				CLANG_WARN_UNREACHABLE_CODE = YES;
				CLANG_WARN__DUPLICATE_METHOD_MATCH = YES;
				COPY_PHASE_STRIP = NO;
				DEBUG_INFORMATION_FORMAT = "dwarf-with-dsym";
				ENABLE_NS_ASSERTIONS = NO;
				ENABLE_STRICT_OBJC_MSGSEND = YES;
				GCC_C_LANGUAGE_STANDARD = gnu11;
				GCC_NO_COMMON_BLOCKS = YES;
				GCC_WARN_64_TO_32_BIT_CONVERSION = YES;
				GCC_WARN_ABOUT_RETURN_TYPE = YES_ERROR;
				GCC_WARN_UNDECLARED_SELECTOR = YES;
				GCC_WARN_UNINITIALIZED_AUTOS = YES_AGGRESSIVE;
				GCC_WARN_UNUSED_FUNCTION = YES;
				GCC_WARN_UNUSED_VARIABLE = YES;
				IPHONEOS_DEPLOYMENT_TARGET = 14.3;
				MTL_ENABLE_DEBUG_INFO = NO;
				MTL_FAST_MATH = YES;
				SDKROOT = iphoneos;
				SWIFT_COMPILATION_MODE = wholemodule;
				SWIFT_OPTIMIZATION_LEVEL = "-O";
				VALIDATE_PRODUCT = YES;
			};
			name = Release;
		};
		D754CCFA25668D8F006460B4 /* Debug */ = {
			isa = XCBuildConfiguration;
			baseConfigurationReference = 88ACDC19A42442A416F9F058 /* Pods-JobFair.debug.xcconfig */;
			buildSettings = {
				ASSETCATALOG_COMPILER_APPICON_NAME = AppIcon;
				ASSETCATALOG_COMPILER_GLOBAL_ACCENT_COLOR_NAME = AccentColor;
				CODE_SIGN_STYLE = Automatic;
				INFOPLIST_FILE = "$(SRCROOT)/JobFair/App/Info.plist";
				IPHONEOS_DEPLOYMENT_TARGET = 12.0;
				LD_RUNPATH_SEARCH_PATHS = (
					"$(inherited)",
					"@executable_path/Frameworks",
				);
				PRODUCT_BUNDLE_IDENTIFIER = TaDa.JobFair;
				PRODUCT_NAME = "$(TARGET_NAME)";
				SWIFT_VERSION = 5.0;
				TARGETED_DEVICE_FAMILY = "1,2";
			};
			name = Debug;
		};
		D754CCFB25668D8F006460B4 /* Release */ = {
			isa = XCBuildConfiguration;
			baseConfigurationReference = F824214DC9AF876CADB5C842 /* Pods-JobFair.release.xcconfig */;
			buildSettings = {
				ASSETCATALOG_COMPILER_APPICON_NAME = AppIcon;
				ASSETCATALOG_COMPILER_GLOBAL_ACCENT_COLOR_NAME = AccentColor;
				CODE_SIGN_STYLE = Automatic;
				INFOPLIST_FILE = "$(SRCROOT)/JobFair/App/Info.plist";
				IPHONEOS_DEPLOYMENT_TARGET = 12.0;
				LD_RUNPATH_SEARCH_PATHS = (
					"$(inherited)",
					"@executable_path/Frameworks",
				);
				PRODUCT_BUNDLE_IDENTIFIER = TaDa.JobFair;
				PRODUCT_NAME = "$(TARGET_NAME)";
				SWIFT_VERSION = 5.0;
				TARGETED_DEVICE_FAMILY = "1,2";
			};
			name = Release;
		};
		D754CCFD25668D8F006460B4 /* Debug */ = {
			isa = XCBuildConfiguration;
			baseConfigurationReference = 08A168870653F4A03AEF8540 /* Pods-JobFairTests.debug.xcconfig */;
			buildSettings = {
				ALWAYS_EMBED_SWIFT_STANDARD_LIBRARIES = YES;
				BUNDLE_LOADER = "$(TEST_HOST)";
				CODE_SIGN_STYLE = Automatic;
				INFOPLIST_FILE = JobFairTests/Info.plist;
				IPHONEOS_DEPLOYMENT_TARGET = 14.3;
				LD_RUNPATH_SEARCH_PATHS = (
					"$(inherited)",
					"@executable_path/Frameworks",
					"@loader_path/Frameworks",
				);
				PRODUCT_BUNDLE_IDENTIFIER = TaDa.JobFairTests;
				PRODUCT_NAME = "$(TARGET_NAME)";
				SWIFT_VERSION = 5.0;
				TARGETED_DEVICE_FAMILY = "1,2";
				TEST_HOST = "$(BUILT_PRODUCTS_DIR)/JobFair.app/JobFair";
			};
			name = Debug;
		};
		D754CCFE25668D8F006460B4 /* Release */ = {
			isa = XCBuildConfiguration;
			baseConfigurationReference = 073CD1B497099103C3A16C9F /* Pods-JobFairTests.release.xcconfig */;
			buildSettings = {
				ALWAYS_EMBED_SWIFT_STANDARD_LIBRARIES = YES;
				BUNDLE_LOADER = "$(TEST_HOST)";
				CODE_SIGN_STYLE = Automatic;
				INFOPLIST_FILE = JobFairTests/Info.plist;
				IPHONEOS_DEPLOYMENT_TARGET = 14.3;
				LD_RUNPATH_SEARCH_PATHS = (
					"$(inherited)",
					"@executable_path/Frameworks",
					"@loader_path/Frameworks",
				);
				PRODUCT_BUNDLE_IDENTIFIER = TaDa.JobFairTests;
				PRODUCT_NAME = "$(TARGET_NAME)";
				SWIFT_VERSION = 5.0;
				TARGETED_DEVICE_FAMILY = "1,2";
				TEST_HOST = "$(BUILT_PRODUCTS_DIR)/JobFair.app/JobFair";
			};
			name = Release;
		};
		D754CD0025668D8F006460B4 /* Debug */ = {
			isa = XCBuildConfiguration;
			baseConfigurationReference = 56E7A8711E4BE55D6336D47E /* Pods-JobFair-JobFairUITests.debug.xcconfig */;
			buildSettings = {
				ALWAYS_EMBED_SWIFT_STANDARD_LIBRARIES = YES;
				CODE_SIGN_STYLE = Automatic;
				INFOPLIST_FILE = JobFairUITests/Info.plist;
				LD_RUNPATH_SEARCH_PATHS = (
					"$(inherited)",
					"@executable_path/Frameworks",
					"@loader_path/Frameworks",
				);
				PRODUCT_BUNDLE_IDENTIFIER = TaDa.JobFairUITests;
				PRODUCT_NAME = "$(TARGET_NAME)";
				SWIFT_VERSION = 5.0;
				TARGETED_DEVICE_FAMILY = "1,2";
				TEST_TARGET_NAME = JobFair;
			};
			name = Debug;
		};
		D754CD0125668D8F006460B4 /* Release */ = {
			isa = XCBuildConfiguration;
			baseConfigurationReference = 5A36405FAB7C8E2D8D2C5858 /* Pods-JobFair-JobFairUITests.release.xcconfig */;
			buildSettings = {
				ALWAYS_EMBED_SWIFT_STANDARD_LIBRARIES = YES;
				CODE_SIGN_STYLE = Automatic;
				INFOPLIST_FILE = JobFairUITests/Info.plist;
				LD_RUNPATH_SEARCH_PATHS = (
					"$(inherited)",
					"@executable_path/Frameworks",
					"@loader_path/Frameworks",
				);
				PRODUCT_BUNDLE_IDENTIFIER = TaDa.JobFairUITests;
				PRODUCT_NAME = "$(TARGET_NAME)";
				SWIFT_VERSION = 5.0;
				TARGETED_DEVICE_FAMILY = "1,2";
				TEST_TARGET_NAME = JobFair;
			};
			name = Release;
		};
/* End XCBuildConfiguration section */

/* Begin XCConfigurationList section */
		D754CCC725668D8D006460B4 /* Build configuration list for PBXProject "JobFair" */ = {
			isa = XCConfigurationList;
			buildConfigurations = (
				D754CCF725668D8F006460B4 /* Debug */,
				D754CCF825668D8F006460B4 /* Release */,
			);
			defaultConfigurationIsVisible = 0;
			defaultConfigurationName = Release;
		};
		D754CCF925668D8F006460B4 /* Build configuration list for PBXNativeTarget "JobFair" */ = {
			isa = XCConfigurationList;
			buildConfigurations = (
				D754CCFA25668D8F006460B4 /* Debug */,
				D754CCFB25668D8F006460B4 /* Release */,
			);
			defaultConfigurationIsVisible = 0;
			defaultConfigurationName = Release;
		};
		D754CCFC25668D8F006460B4 /* Build configuration list for PBXNativeTarget "JobFairTests" */ = {
			isa = XCConfigurationList;
			buildConfigurations = (
				D754CCFD25668D8F006460B4 /* Debug */,
				D754CCFE25668D8F006460B4 /* Release */,
			);
			defaultConfigurationIsVisible = 0;
			defaultConfigurationName = Release;
		};
		D754CCFF25668D8F006460B4 /* Build configuration list for PBXNativeTarget "JobFairUITests" */ = {
			isa = XCConfigurationList;
			buildConfigurations = (
				D754CD0025668D8F006460B4 /* Debug */,
				D754CD0125668D8F006460B4 /* Release */,
			);
			defaultConfigurationIsVisible = 0;
			defaultConfigurationName = Release;
		};
/* End XCConfigurationList section */

/* Begin XCVersionGroup section */
		D754CCD825668D8D006460B4 /* JobFair.xcdatamodeld */ = {
			isa = XCVersionGroup;
			children = (
				D754CCD925668D8D006460B4 /* JobFair.xcdatamodel */,
			);
			currentVersion = D754CCD925668D8D006460B4 /* JobFair.xcdatamodel */;
			path = JobFair.xcdatamodeld;
			sourceTree = "<group>";
			versionGroupType = wrapper.xcdatamodel;
		};
/* End XCVersionGroup section */
	};
	rootObject = D754CCC425668D8D006460B4 /* Project object */;
}
